github.com/cybergarage/go-safecast v1.3.4 h1:gy0MwfrG+o56GeaJu7/5FB6Pubqm6ZGzg50ebvZbSvM=
github.com/cybergarage/go-safecast v1.3.4/go.mod h1:flFLUrI49kNK+U7ZeQDQxbaxxQyFVQGKpT7KYN3A4ew=
github.com/cybergarage/go-safecast v1.3.5 h1:dCroj5TEEhwLVMGCzWQgQLBrtbSWTb8JNw/8UQMtt1E=
github.com/cybergarage/go-safecast v1.3.5/go.mod h1:1Ds38TLydkKlIe7hXG3Zy/I1JmwaN9OuWLP0psFi3X0=
