github.com/cybergarage/go-logger v1.3.11 h1:NwnC7cD/IDkdwBYhSODXaMEBmAu3c/jK4Q2XDsg1fno=
github.com/cybergarage/go-logger v1.3.11/go.mod h1:SU5vzAFJOTs89JXk+Jn89RaNmcR07parcJgnW4e8aDw=
github.com/cybergarage/go-safecast v1.2.0 h1:VPEawp6yScn/1YnNi2OTHWUQWK3sOV9hSda0Ooz1Zas=
github.com/cybergarage/go-safecast v1.2.0/go.mod h1:us/bjLPEfj6kR3DaY0HGhcW1WK0oDCqkpuYSTi+t7uY=
