github.com/cybergarage/go-safecast v1.0.0 h1:cVvSYrlgmd5TpmUNL64KewTBMAp1HyFNT8vwX/Cfuuo=
github.com/cybergarage/go-safecast v1.0.0/go.mod h1:us/bjLPEfj6kR3DaY0HGhcW1WK0oDCqkpuYSTi+t7uY=
github.com/cybergarage/go-safecast v1.1.0 h1:vBBrFIvsK5LvtIDSXXQbIdrtmJR5BmLpPkrvaPHuFZ8=
github.com/cybergarage/go-safecast v1.1.0/go.mod h1:us/bjLPEfj6kR3DaY0HGhcW1WK0oDCqkpuYSTi+t7uY=
